
Microsoft Visual Studio Solution File, Format Version 12.00
# Visual Studio Version 16
VisualStudioVersion = 16.0.29609.76
MinimumVisualStudioVersion = 10.0.40219.1
Project("{FAE04EC0-301F-11D3-BF4B-00C04F79EFBC}") = "AnyStore", "AnyStore\AnyStore.csproj", "{EDC4FFCF-9848-4C98-AFC5-D62088576E31}"
EndProject
Global
	GlobalSection(SolutionConfigurationPlatforms) = preSolution
		Debug|Any CPU = Debug|Any CPU
		Release|Any CPU = Release|Any CPU
	EndGlobalSection
	GlobalSection(ProjectConfigurationPlatforms) = postSolution
		{EDC4FFCF-9848-4C98-AFC5-D62088576E31}.Debug|Any CPU.ActiveCfg = Debug|Any CPU
		{EDC4FFCF-9848-4C98-AFC5-D62088576E31}.Debug|Any CPU.Build.0 = Debug|Any CPU
		{EDC4FFCF-9848-4C98-AFC5-D62088576E31}.Release|Any CPU.ActiveCfg = Release|Any CPU
		{EDC4FFCF-9848-4C98-AFC5-D62088576E31}.Release|Any CPU.Build.0 = Release|Any CPU
	EndGlobalSection
	GlobalSection(SolutionProperties) = preSolution
		HideSolutionNode = FALSE
	EndGlobalSection
	GlobalSection(ExtensibilityGlobals) = postSolution
		SolutionGuid = {FF8D80D3-40F5-4F8F-B683-1C16C39FDA8C}
	EndGlobalSection
EndGlobal
